
Microsoft Visual Studio Solution File, Format Version 12.00
# Visual Studio Version 17
VisualStudioVersion = 17.10.35013.160
MinimumVisualStudioVersion = 10.0.40219.1
Project("{FAE04EC0-301F-11D3-BF4B-00C04F79EFBC}") = "CKEditor5IntegrationInNetCore8", "CKEditor5IntegrationInNetCore8\CKEditor5IntegrationInNetCore8.csproj", "{422497A1-7C78-485D-97A8-3EA9BA6E5310}"
EndProject
Global
	GlobalSection(SolutionConfigurationPlatforms) = preSolution
		Debug|Any CPU = Debug|Any CPU
		Release|Any CPU = Release|Any CPU
	EndGlobalSection
	GlobalSection(ProjectConfigurationPlatforms) = postSolution
		{422497A1-7C78-485D-97A8-3EA9BA6E5310}.Debug|Any CPU.ActiveCfg = Debug|Any CPU
		{422497A1-7C78-485D-97A8-3EA9BA6E5310}.Debug|Any CPU.Build.0 = Debug|Any CPU
		{422497A1-7C78-485D-97A8-3EA9BA6E5310}.Release|Any CPU.ActiveCfg = Release|Any CPU
		{422497A1-7C78-485D-97A8-3EA9BA6E5310}.Release|Any CPU.Build.0 = Release|Any CPU
	EndGlobalSection
	GlobalSection(SolutionProperties) = preSolution
		HideSolutionNode = FALSE
	EndGlobalSection
	GlobalSection(ExtensibilityGlobals) = postSolution
		SolutionGuid = {3752BB4A-A5C6-40D2-95C7-A5F4BFD53A2A}
	EndGlobalSection
EndGlobal
